
Microsoft Visual Studio Solution File, Format Version 11.00
# Visual Studio 2010
Project("{F184B08F-C81C-45F6-A57F-5ABD9991F28F}") = "Excess", "Excess.vbproj", "{2B2C1749-4A78-4D0B-9197-9B14FA55C23E}"
EndProject
Project("{54435603-DBB4-11D2-8724-00A0C9A8B90C}") = "ExcessSetup", "..\ExcessSetup\ExcessSetup.vdproj", "{B2FF1E89-AC03-47EB-B56E-7FC07F00B922}"
EndProject
Project("{6141683F-8A12-4E36-9623-2EB02B2C2303}") = "Setup", "..\Setup\Setup.isproj", "{AC763738-9944-4647-969C-4EE22FD590E6}"
	ProjectSection(ProjectDependencies) = postProject
		{2B2C1749-4A78-4D0B-9197-9B14FA55C23E} = {2B2C1749-4A78-4D0B-9197-9B14FA55C23E}
	EndProjectSection
EndProject
Global
	GlobalSection(SolutionConfigurationPlatforms) = preSolution
		CD_ROM|Any CPU = CD_ROM|Any CPU
		CD_ROM|x64 = CD_ROM|x64
		CD_ROM|x86 = CD_ROM|x86
		Debug|Any CPU = Debug|Any CPU
		Debug|x64 = Debug|x64
		Debug|x86 = Debug|x86
		DVD-5|Any CPU = DVD-5|Any CPU
		DVD-5|x64 = DVD-5|x64
		DVD-5|x86 = DVD-5|x86
		Release|Any CPU = Release|Any CPU
		Release|x64 = Release|x64
		Release|x86 = Release|x86
		SingleImage|Any CPU = SingleImage|Any CPU
		SingleImage|x64 = SingleImage|x64
		SingleImage|x86 = SingleImage|x86
	EndGlobalSection
	GlobalSection(ProjectConfigurationPlatforms) = postSolution
		{2B2C1749-4A78-4D0B-9197-9B14FA55C23E}.CD_ROM|Any CPU.ActiveCfg = Release|x86
		{2B2C1749-4A78-4D0B-9197-9B14FA55C23E}.CD_ROM|x64.ActiveCfg = Release|x86
		{2B2C1749-4A78-4D0B-9197-9B14FA55C23E}.CD_ROM|x86.ActiveCfg = Release|x86
		{2B2C1749-4A78-4D0B-9197-9B14FA55C23E}.CD_ROM|x86.Build.0 = Release|x86
		{2B2C1749-4A78-4D0B-9197-9B14FA55C23E}.Debug|Any CPU.ActiveCfg = Debug|Any CPU
		{2B2C1749-4A78-4D0B-9197-9B14FA55C23E}.Debug|Any CPU.Build.0 = Debug|Any CPU
		{2B2C1749-4A78-4D0B-9197-9B14FA55C23E}.Debug|x64.ActiveCfg = Debug|Any CPU
		{2B2C1749-4A78-4D0B-9197-9B14FA55C23E}.Debug|x64.Build.0 = Debug|Any CPU
		{2B2C1749-4A78-4D0B-9197-9B14FA55C23E}.Debug|x86.ActiveCfg = Debug|x86
		{2B2C1749-4A78-4D0B-9197-9B14FA55C23E}.DVD-5|Any CPU.ActiveCfg = Debug|x86
		{2B2C1749-4A78-4D0B-9197-9B14FA55C23E}.DVD-5|x64.ActiveCfg = Debug|x86
		{2B2C1749-4A78-4D0B-9197-9B14FA55C23E}.DVD-5|x86.ActiveCfg = Debug|x86
		{2B2C1749-4A78-4D0B-9197-9B14FA55C23E}.DVD-5|x86.Build.0 = Debug|x86
		{2B2C1749-4A78-4D0B-9197-9B14FA55C23E}.Release|Any CPU.ActiveCfg = Release|Any CPU
		{2B2C1749-4A78-4D0B-9197-9B14FA55C23E}.Release|Any CPU.Build.0 = Release|Any CPU
		{2B2C1749-4A78-4D0B-9197-9B14FA55C23E}.Release|x64.ActiveCfg = Release|Any CPU
		{2B2C1749-4A78-4D0B-9197-9B14FA55C23E}.Release|x86.ActiveCfg = Release|x86
		{2B2C1749-4A78-4D0B-9197-9B14FA55C23E}.Release|x86.Build.0 = Release|x86
		{2B2C1749-4A78-4D0B-9197-9B14FA55C23E}.SingleImage|Any CPU.ActiveCfg = Release|x86
		{2B2C1749-4A78-4D0B-9197-9B14FA55C23E}.SingleImage|x64.ActiveCfg = Release|x86
		{2B2C1749-4A78-4D0B-9197-9B14FA55C23E}.SingleImage|x86.ActiveCfg = Release|x86
		{2B2C1749-4A78-4D0B-9197-9B14FA55C23E}.SingleImage|x86.Build.0 = Release|x86
		{B2FF1E89-AC03-47EB-B56E-7FC07F00B922}.CD_ROM|Any CPU.ActiveCfg = Release
		{B2FF1E89-AC03-47EB-B56E-7FC07F00B922}.CD_ROM|x64.ActiveCfg = Release
		{B2FF1E89-AC03-47EB-B56E-7FC07F00B922}.CD_ROM|x86.ActiveCfg = Release
		{B2FF1E89-AC03-47EB-B56E-7FC07F00B922}.Debug|Any CPU.ActiveCfg = Debug
		{B2FF1E89-AC03-47EB-B56E-7FC07F00B922}.Debug|x64.ActiveCfg = Debug
		{B2FF1E89-AC03-47EB-B56E-7FC07F00B922}.Debug|x86.ActiveCfg = Debug
		{B2FF1E89-AC03-47EB-B56E-7FC07F00B922}.DVD-5|Any CPU.ActiveCfg = Debug
		{B2FF1E89-AC03-47EB-B56E-7FC07F00B922}.DVD-5|x64.ActiveCfg = Debug
		{B2FF1E89-AC03-47EB-B56E-7FC07F00B922}.DVD-5|x86.ActiveCfg = Debug
		{B2FF1E89-AC03-47EB-B56E-7FC07F00B922}.Release|Any CPU.ActiveCfg = Release
		{B2FF1E89-AC03-47EB-B56E-7FC07F00B922}.Release|x64.ActiveCfg = Release
		{B2FF1E89-AC03-47EB-B56E-7FC07F00B922}.Release|x86.ActiveCfg = Release
		{B2FF1E89-AC03-47EB-B56E-7FC07F00B922}.SingleImage|Any CPU.ActiveCfg = Release
		{B2FF1E89-AC03-47EB-B56E-7FC07F00B922}.SingleImage|x64.ActiveCfg = Release
		{B2FF1E89-AC03-47EB-B56E-7FC07F00B922}.SingleImage|x86.ActiveCfg = Release
		{AC763738-9944-4647-969C-4EE22FD590E6}.CD_ROM|Any CPU.ActiveCfg = CD_ROM
		{AC763738-9944-4647-969C-4EE22FD590E6}.CD_ROM|Any CPU.Build.0 = CD_ROM
		{AC763738-9944-4647-969C-4EE22FD590E6}.CD_ROM|x64.ActiveCfg = CD_ROM
		{AC763738-9944-4647-969C-4EE22FD590E6}.CD_ROM|x64.Build.0 = CD_ROM
		{AC763738-9944-4647-969C-4EE22FD590E6}.CD_ROM|x86.ActiveCfg = CD_ROM
		{AC763738-9944-4647-969C-4EE22FD590E6}.CD_ROM|x86.Build.0 = CD_ROM
		{AC763738-9944-4647-969C-4EE22FD590E6}.Debug|Any CPU.ActiveCfg = DVD-5
		{AC763738-9944-4647-969C-4EE22FD590E6}.Debug|Any CPU.Build.0 = DVD-5
		{AC763738-9944-4647-969C-4EE22FD590E6}.Debug|x64.ActiveCfg = DVD-5
		{AC763738-9944-4647-969C-4EE22FD590E6}.Debug|x64.Build.0 = DVD-5
		{AC763738-9944-4647-969C-4EE22FD590E6}.Debug|x86.ActiveCfg = DVD-5
		{AC763738-9944-4647-969C-4EE22FD590E6}.Debug|x86.Build.0 = DVD-5
		{AC763738-9944-4647-969C-4EE22FD590E6}.DVD-5|Any CPU.ActiveCfg = DVD-5
		{AC763738-9944-4647-969C-4EE22FD590E6}.DVD-5|Any CPU.Build.0 = DVD-5
		{AC763738-9944-4647-969C-4EE22FD590E6}.DVD-5|x64.ActiveCfg = DVD-5
		{AC763738-9944-4647-969C-4EE22FD590E6}.DVD-5|x64.Build.0 = DVD-5
		{AC763738-9944-4647-969C-4EE22FD590E6}.DVD-5|x86.ActiveCfg = DVD-5
		{AC763738-9944-4647-969C-4EE22FD590E6}.DVD-5|x86.Build.0 = DVD-5
		{AC763738-9944-4647-969C-4EE22FD590E6}.Release|Any CPU.ActiveCfg = SingleImage
		{AC763738-9944-4647-969C-4EE22FD590E6}.Release|Any CPU.Build.0 = SingleImage
		{AC763738-9944-4647-969C-4EE22FD590E6}.Release|x64.ActiveCfg = SingleImage
		{AC763738-9944-4647-969C-4EE22FD590E6}.Release|x64.Build.0 = SingleImage
		{AC763738-9944-4647-969C-4EE22FD590E6}.Release|x86.ActiveCfg = SingleImage
		{AC763738-9944-4647-969C-4EE22FD590E6}.Release|x86.Build.0 = SingleImage
		{AC763738-9944-4647-969C-4EE22FD590E6}.SingleImage|Any CPU.ActiveCfg = SingleImage
		{AC763738-9944-4647-969C-4EE22FD590E6}.SingleImage|Any CPU.Build.0 = SingleImage
		{AC763738-9944-4647-969C-4EE22FD590E6}.SingleImage|x64.ActiveCfg = SingleImage
		{AC763738-9944-4647-969C-4EE22FD590E6}.SingleImage|x64.Build.0 = SingleImage
		{AC763738-9944-4647-969C-4EE22FD590E6}.SingleImage|x86.ActiveCfg = SingleImage
		{AC763738-9944-4647-969C-4EE22FD590E6}.SingleImage|x86.Build.0 = SingleImage
	EndGlobalSection
	GlobalSection(SolutionProperties) = preSolution
		HideSolutionNode = FALSE
	EndGlobalSection
	GlobalSection(SharpSetup) = preSolution
		Version = 1.2
	EndGlobalSection
EndGlobal
